
Microsoft Visual Studio Solution File, Format Version 12.00
# Visual Studio Express 14 for Windows Desktop
VisualStudioVersion = 14.0.25420.1
MinimumVisualStudioVersion = 10.0.40219.1
Project("{FAE04EC0-301F-11D3-BF4B-00C04F79EFBC}") = "TUI_Web", "TUI_Web\TUI_Web.csproj", "{63652022-3A65-4F35-A338-878A68CBBC1C}"
EndProject
Project("{FAE04EC0-301F-11D3-BF4B-00C04F79EFBC}") = "TUIO_LIB", "..\TUIO11_NET\TUIO_LIB.csproj", "{3CBF7D4A-CE06-490D-80DA-580D02C268DE}"
EndProject
Global
	GlobalSection(SolutionConfigurationPlatforms) = preSolution
		Debug|Any CPU = Debug|Any CPU
		Release|Any CPU = Release|Any CPU
	EndGlobalSection
	GlobalSection(ProjectConfigurationPlatforms) = postSolution
		{63652022-3A65-4F35-A338-878A68CBBC1C}.Debug|Any CPU.ActiveCfg = Debug|Any CPU
		{63652022-3A65-4F35-A338-878A68CBBC1C}.Debug|Any CPU.Build.0 = Debug|Any CPU
		{63652022-3A65-4F35-A338-878A68CBBC1C}.Release|Any CPU.ActiveCfg = Release|Any CPU
		{63652022-3A65-4F35-A338-878A68CBBC1C}.Release|Any CPU.Build.0 = Release|Any CPU
		{3CBF7D4A-CE06-490D-80DA-580D02C268DE}.Debug|Any CPU.ActiveCfg = Debug|Any CPU
		{3CBF7D4A-CE06-490D-80DA-580D02C268DE}.Debug|Any CPU.Build.0 = Debug|Any CPU
		{3CBF7D4A-CE06-490D-80DA-580D02C268DE}.Release|Any CPU.ActiveCfg = Release|Any CPU
		{3CBF7D4A-CE06-490D-80DA-580D02C268DE}.Release|Any CPU.Build.0 = Release|Any CPU
	EndGlobalSection
	GlobalSection(SolutionProperties) = preSolution
		HideSolutionNode = FALSE
	EndGlobalSection
EndGlobal
